// !$*UTF8*$!
{
	archiveVersion = 1;
	classes = {
	};
	objectVersion = 56;
	objects = {

/* Begin PBXBuildFile section */
		28BB38B12BFB94C00004B265 /* water_mark_appApp.swift in Sources */ = {isa = PBXBuildFile; fileRef = 28BB38B02BFB94C00004B265 /* water_mark_appApp.swift */; };
		28BB38B32BFB94C00004B265 /* ContentView.swift in Sources */ = {isa = PBXBuildFile; fileRef = 28BB38B22BFB94C00004B265 /* ContentView.swift */; };
		28BB38B52BFB94C40004B265 /* Assets.xcassets in Resources */ = {isa = PBXBuildFile; fileRef = 28BB38B42BFB94C40004B265 /* Assets.xcassets */; };
		28BB38B82BFB94C40004B265 /* Preview Assets.xcassets in Resources */ = {isa = PBXBuildFile; fileRef = 28BB38B72BFB94C40004B265 /* Preview Assets.xcassets */; };
		28C6FBFA2C05126100CA1964 /* Coordinator.swift in Sources */ = {isa = PBXBuildFile; fileRef = 28C6FBF92C05126100CA1964 /* Coordinator.swift */; };
		28C6FBFC2C0515E200CA1964 /* SettingsView.swift in Sources */ = {isa = PBXBuildFile; fileRef = 28C6FBFB2C0515E200CA1964 /* SettingsView.swift */; };
		A866C71A2C0E731500946473 /* TestServ.swift in Sources */ = {isa = PBXBuildFile; fileRef = A866C7192C0E731500946473 /* TestServ.swift */; };
		A8EC22892C0E8582009AF32B /* UITestings.swift in Sources */ = {isa = PBXBuildFile; fileRef = A8EC22882C0E8582009AF32B /* UITestings.swift */; };
/* End PBXBuildFile section */

/* Begin PBXContainerItemProxy section */
		A866C7132C0E72EB00946473 /* PBXContainerItemProxy */ = {
			isa = PBXContainerItemProxy;
			containerPortal = 28BB38A52BFB94C00004B265 /* Project object */;
			proxyType = 1;
			remoteGlobalIDString = 28BB38AC2BFB94C00004B265;
			remoteInfo = "water mark app";
		};
		A8EC22822C0E853F009AF32B /* PBXContainerItemProxy */ = {
			isa = PBXContainerItemProxy;
			containerPortal = 28BB38A52BFB94C00004B265 /* Project object */;
			proxyType = 1;
			remoteGlobalIDString = 28BB38AC2BFB94C00004B265;
			remoteInfo = "water mark app";
		};
/* End PBXContainerItemProxy section */

/* Begin PBXFileReference section */
		28BB38AD2BFB94C00004B265 /* water mark app.app */ = {isa = PBXFileReference; explicitFileType = wrapper.application; includeInIndex = 0; path = "water mark app.app"; sourceTree = BUILT_PRODUCTS_DIR; };
		28BB38B02BFB94C00004B265 /* water_mark_appApp.swift */ = {isa = PBXFileReference; lastKnownFileType = sourcecode.swift; path = water_mark_appApp.swift; sourceTree = "<group>"; };
		28BB38B22BFB94C00004B265 /* ContentView.swift */ = {isa = PBXFileReference; lastKnownFileType = sourcecode.swift; path = ContentView.swift; sourceTree = "<group>"; };
		28BB38B42BFB94C40004B265 /* Assets.xcassets */ = {isa = PBXFileReference; lastKnownFileType = folder.assetcatalog; path = Assets.xcassets; sourceTree = "<group>"; };
		28BB38B72BFB94C40004B265 /* Preview Assets.xcassets */ = {isa = PBXFileReference; lastKnownFileType = folder.assetcatalog; path = "Preview Assets.xcassets"; sourceTree = "<group>"; };
		28C6FBF92C05126100CA1964 /* Coordinator.swift */ = {isa = PBXFileReference; lastKnownFileType = sourcecode.swift; path = Coordinator.swift; sourceTree = "<group>"; };
		28C6FBFB2C0515E200CA1964 /* SettingsView.swift */ = {isa = PBXFileReference; lastKnownFileType = sourcecode.swift; path = SettingsView.swift; sourceTree = "<group>"; };
		A866C70F2C0E72EB00946473 /* water mark appTests.xctest */ = {isa = PBXFileReference; explicitFileType = wrapper.cfbundle; includeInIndex = 0; path = "water mark appTests.xctest"; sourceTree = BUILT_PRODUCTS_DIR; };
		A866C7182C0E731500946473 /* water mark appTests-Bridging-Header.h */ = {isa = PBXFileReference; lastKnownFileType = sourcecode.c.h; path = "water mark appTests-Bridging-Header.h"; sourceTree = "<group>"; };
		A866C7192C0E731500946473 /* TestServ.swift */ = {isa = PBXFileReference; lastKnownFileType = sourcecode.swift; path = TestServ.swift; sourceTree = "<group>"; };
		A8EC227C2C0E853F009AF32B /* UITestings.xctest */ = {isa = PBXFileReference; explicitFileType = wrapper.cfbundle; includeInIndex = 0; path = UITestings.xctest; sourceTree = BUILT_PRODUCTS_DIR; };
		A8EC22872C0E8582009AF32B /* UITestings-Bridging-Header.h */ = {isa = PBXFileReference; lastKnownFileType = sourcecode.c.h; path = "UITestings-Bridging-Header.h"; sourceTree = "<group>"; };
		A8EC22882C0E8582009AF32B /* UITestings.swift */ = {isa = PBXFileReference; lastKnownFileType = sourcecode.swift; path = UITestings.swift; sourceTree = "<group>"; };
/* End PBXFileReference section */

/* Begin PBXFrameworksBuildPhase section */
		28BB38AA2BFB94C00004B265 /* Frameworks */ = {
			isa = PBXFrameworksBuildPhase;
			buildActionMask = 2147483647;
			files = (
			);
			runOnlyForDeploymentPostprocessing = 0;
		};
		A866C70C2C0E72EB00946473 /* Frameworks */ = {
			isa = PBXFrameworksBuildPhase;
			buildActionMask = 2147483647;
			files = (
			);
			runOnlyForDeploymentPostprocessing = 0;
		};
		A8EC22792C0E853F009AF32B /* Frameworks */ = {
			isa = PBXFrameworksBuildPhase;
			buildActionMask = 2147483647;
			files = (
			);
			runOnlyForDeploymentPostprocessing = 0;
		};
/* End PBXFrameworksBuildPhase section */

/* Begin PBXGroup section */
		287B8E7D2C04E9E0008633BD /* Frameworks */ = {
			isa = PBXGroup;
			children = (
			);
			name = Frameworks;
			sourceTree = "<group>";
		};
		28BB38A42BFB94C00004B265 = {
			isa = PBXGroup;
			children = (
				28BB38AF2BFB94C00004B265 /* water mark app */,
				A866C7102C0E72EB00946473 /* water mark appTests */,
				A8EC227D2C0E853F009AF32B /* UITestings */,
				28BB38AE2BFB94C00004B265 /* Products */,
				287B8E7D2C04E9E0008633BD /* Frameworks */,
			);
			sourceTree = "<group>";
		};
		28BB38AE2BFB94C00004B265 /* Products */ = {
			isa = PBXGroup;
			children = (
				28BB38AD2BFB94C00004B265 /* water mark app.app */,
				A866C70F2C0E72EB00946473 /* water mark appTests.xctest */,
				A8EC227C2C0E853F009AF32B /* UITestings.xctest */,
			);
			name = Products;
			sourceTree = "<group>";
		};
		28BB38AF2BFB94C00004B265 /* water mark app */ = {
			isa = PBXGroup;
			children = (
				28C6FBFB2C0515E200CA1964 /* SettingsView.swift */,
				28C6FBF92C05126100CA1964 /* Coordinator.swift */,
				28BB38B22BFB94C00004B265 /* ContentView.swift */,
				28BB38B02BFB94C00004B265 /* water_mark_appApp.swift */,
				28BB38B42BFB94C40004B265 /* Assets.xcassets */,
				28BB38B62BFB94C40004B265 /* Preview Content */,
			);
			path = "water mark app";
			sourceTree = "<group>";
		};
		28BB38B62BFB94C40004B265 /* Preview Content */ = {
			isa = PBXGroup;
			children = (
				28BB38B72BFB94C40004B265 /* Preview Assets.xcassets */,
			);
			path = "Preview Content";
			sourceTree = "<group>";
		};
		A866C7102C0E72EB00946473 /* water mark appTests */ = {
			isa = PBXGroup;
			children = (
				A866C7192C0E731500946473 /* TestServ.swift */,
				A866C7182C0E731500946473 /* water mark appTests-Bridging-Header.h */,
			);
			path = "water mark appTests";
			sourceTree = "<group>";
		};
		A8EC227D2C0E853F009AF32B /* UITestings */ = {
			isa = PBXGroup;
			children = (
				A8EC22882C0E8582009AF32B /* UITestings.swift */,
				A8EC22872C0E8582009AF32B /* UITestings-Bridging-Header.h */,
			);
			path = UITestings;
			sourceTree = "<group>";
		};
/* End PBXGroup section */

/* Begin PBXNativeTarget section */
		28BB38AC2BFB94C00004B265 /* water mark app */ = {
			isa = PBXNativeTarget;
			buildConfigurationList = 28BB38BB2BFB94C40004B265 /* Build configuration list for PBXNativeTarget "water mark app" */;
			buildPhases = (
				28BB38A92BFB94C00004B265 /* Sources */,
				28BB38AA2BFB94C00004B265 /* Frameworks */,
				28BB38AB2BFB94C00004B265 /* Resources */,
			);
			buildRules = (
			);
			dependencies = (
			);
			name = "water mark app";
			productName = "water mark app";
			productReference = 28BB38AD2BFB94C00004B265 /* water mark app.app */;
			productType = "com.apple.product-type.application";
		};
		A866C70E2C0E72EB00946473 /* water mark appTests */ = {
			isa = PBXNativeTarget;
			buildConfigurationList = A866C7152C0E72EB00946473 /* Build configuration list for PBXNativeTarget "water mark appTests" */;
			buildPhases = (
				A866C70B2C0E72EB00946473 /* Sources */,
				A866C70C2C0E72EB00946473 /* Frameworks */,
				A866C70D2C0E72EB00946473 /* Resources */,
			);
			buildRules = (
			);
			dependencies = (
				A866C7142C0E72EB00946473 /* PBXTargetDependency */,
			);
			name = "water mark appTests";
			productName = "water mark appTests";
			productReference = A866C70F2C0E72EB00946473 /* water mark appTests.xctest */;
			productType = "com.apple.product-type.bundle.unit-test";
		};
		A8EC227B2C0E853F009AF32B /* UITestings */ = {
			isa = PBXNativeTarget;
			buildConfigurationList = A8EC22862C0E853F009AF32B /* Build configuration list for PBXNativeTarget "UITestings" */;
			buildPhases = (
				A8EC22782C0E853F009AF32B /* Sources */,
				A8EC22792C0E853F009AF32B /* Frameworks */,
				A8EC227A2C0E853F009AF32B /* Resources */,
			);
			buildRules = (
			);
			dependencies = (
				A8EC22832C0E853F009AF32B /* PBXTargetDependency */,
			);
			name = UITestings;
			productName = UITestings;
			productReference = A8EC227C2C0E853F009AF32B /* UITestings.xctest */;
			productType = "com.apple.product-type.bundle.ui-testing";
		};
/* End PBXNativeTarget section */

/* Begin PBXProject section */
		28BB38A52BFB94C00004B265 /* Project object */ = {
			isa = PBXProject;
			attributes = {
				BuildIndependentTargetsInParallel = 1;
				LastSwiftUpdateCheck = 1540;
				LastUpgradeCheck = 1530;
				TargetAttributes = {
					28BB38AC2BFB94C00004B265 = {
						CreatedOnToolsVersion = 15.3;
					};
					A866C70E2C0E72EB00946473 = {
						CreatedOnToolsVersion = 15.4;
						LastSwiftMigration = 1540;
						TestTargetID = 28BB38AC2BFB94C00004B265;
					};
					A8EC227B2C0E853F009AF32B = {
						CreatedOnToolsVersion = 15.4;
						LastSwiftMigration = 1540;
						TestTargetID = 28BB38AC2BFB94C00004B265;
					};
				};
			};
			buildConfigurationList = 28BB38A82BFB94C00004B265 /* Build configuration list for PBXProject "water mark app" */;
			compatibilityVersion = "Xcode 14.0";
			developmentRegion = en;
			hasScannedForEncodings = 0;
			knownRegions = (
				en,
				Base,
			);
			mainGroup = 28BB38A42BFB94C00004B265;
			productRefGroup = 28BB38AE2BFB94C00004B265 /* Products */;
			projectDirPath = "";
			projectRoot = "";
			targets = (
				28BB38AC2BFB94C00004B265 /* water mark app */,
				A866C70E2C0E72EB00946473 /* water mark appTests */,
				A8EC227B2C0E853F009AF32B /* UITestings */,
			);
		};
/* End PBXProject section */

/* Begin PBXResourcesBuildPhase section */
		28BB38AB2BFB94C00004B265 /* Resources */ = {
			isa = PBXResourcesBuildPhase;
			buildActionMask = 2147483647;
			files = (
				28BB38B82BFB94C40004B265 /* Preview Assets.xcassets in Resources */,
				28BB38B52BFB94C40004B265 /* Assets.xcassets in Resources */,
			);
			runOnlyForDeploymentPostprocessing = 0;
		};
		A866C70D2C0E72EB00946473 /* Resources */ = {
			isa = PBXResourcesBuildPhase;
			buildActionMask = 2147483647;
			files = (
			);
			runOnlyForDeploymentPostprocessing = 0;
		};
		A8EC227A2C0E853F009AF32B /* Resources */ = {
			isa = PBXResourcesBuildPhase;
			buildActionMask = 2147483647;
			files = (
			);
			runOnlyForDeploymentPostprocessing = 0;
		};
/* End PBXResourcesBuildPhase section */

/* Begin PBXSourcesBuildPhase section */
		28BB38A92BFB94C00004B265 /* Sources */ = {
			isa = PBXSourcesBuildPhase;
			buildActionMask = 2147483647;
			files = (
				28BB38B32BFB94C00004B265 /* ContentView.swift in Sources */,
				28C6FBFC2C0515E200CA1964 /* SettingsView.swift in Sources */,
				28BB38B12BFB94C00004B265 /* water_mark_appApp.swift in Sources */,
				28C6FBFA2C05126100CA1964 /* Coordinator.swift in Sources */,
			);
			runOnlyForDeploymentPostprocessing = 0;
		};
		A866C70B2C0E72EB00946473 /* Sources */ = {
			isa = PBXSourcesBuildPhase;
			buildActionMask = 2147483647;
			files = (
				A866C71A2C0E731500946473 /* TestServ.swift in Sources */,
			);
			runOnlyForDeploymentPostprocessing = 0;
		};
		A8EC22782C0E853F009AF32B /* Sources */ = {
			isa = PBXSourcesBuildPhase;
			buildActionMask = 2147483647;
			files = (
				A8EC22892C0E8582009AF32B /* UITestings.swift in Sources */,
			);
			runOnlyForDeploymentPostprocessing = 0;
		};
/* End PBXSourcesBuildPhase section */

/* Begin PBXTargetDependency section */
		A866C7142C0E72EB00946473 /* PBXTargetDependency */ = {
			isa = PBXTargetDependency;
			target = 28BB38AC2BFB94C00004B265 /* water mark app */;
			targetProxy = A866C7132C0E72EB00946473 /* PBXContainerItemProxy */;
		};
		A8EC22832C0E853F009AF32B /* PBXTargetDependency */ = {
			isa = PBXTargetDependency;
			target = 28BB38AC2BFB94C00004B265 /* water mark app */;
			targetProxy = A8EC22822C0E853F009AF32B /* PBXContainerItemProxy */;
		};
/* End PBXTargetDependency section */

/* Begin XCBuildConfiguration section */
		28BB38B92BFB94C40004B265 /* Debug */ = {
			isa = XCBuildConfiguration;
			buildSettings = {
				ALWAYS_SEARCH_USER_PATHS = NO;
				ASSETCATALOG_COMPILER_GENERATE_SWIFT_ASSET_SYMBOL_EXTENSIONS = YES;
				CLANG_ANALYZER_NONNULL = YES;
				CLANG_ANALYZER_NUMBER_OBJECT_CONVERSION = YES_AGGRESSIVE;
				CLANG_CXX_LANGUAGE_STANDARD = "gnu++20";
				CLANG_ENABLE_MODULES = YES;
				CLANG_ENABLE_OBJC_ARC = YES;
				CLANG_ENABLE_OBJC_WEAK = YES;
				CLANG_WARN_BLOCK_CAPTURE_AUTORELEASING = YES;
				CLANG_WARN_BOOL_CONVERSION = YES;
				CLANG_WARN_COMMA = YES;
				CLANG_WARN_CONSTANT_CONVERSION = YES;
				CLANG_WARN_DEPRECATED_OBJC_IMPLEMENTATIONS = YES;
				CLANG_WARN_DIRECT_OBJC_ISA_USAGE = YES_ERROR;
				CLANG_WARN_DOCUMENTATION_COMMENTS = YES;
				CLANG_WARN_EMPTY_BODY = YES;
				CLANG_WARN_ENUM_CONVERSION = YES;
				CLANG_WARN_INFINITE_RECURSION = YES;
				CLANG_WARN_INT_CONVERSION = YES;
				CLANG_WARN_NON_LITERAL_NULL_CONVERSION = YES;
				CLANG_WARN_OBJC_IMPLICIT_RETAIN_SELF = YES;
				CLANG_WARN_OBJC_LITERAL_CONVERSION = YES;
				CLANG_WARN_OBJC_ROOT_CLASS = YES_ERROR;
				CLANG_WARN_QUOTED_INCLUDE_IN_FRAMEWORK_HEADER = YES;
				CLANG_WARN_RANGE_LOOP_ANALYSIS = YES;
				CLANG_WARN_STRICT_PROTOTYPES = YES;
				CLANG_WARN_SUSPICIOUS_MOVE = YES;
				CLANG_WARN_UNGUARDED_AVAILABILITY = YES_AGGRESSIVE;
				CLANG_WARN_UNREACHABLE_CODE = YES;
				CLANG_WARN__DUPLICATE_METHOD_MATCH = YES;
				COPY_PHASE_STRIP = NO;
				DEBUG_INFORMATION_FORMAT = dwarf;
				ENABLE_STRICT_OBJC_MSGSEND = YES;
				ENABLE_TESTABILITY = YES;
				ENABLE_USER_SCRIPT_SANDBOXING = YES;
				GCC_C_LANGUAGE_STANDARD = gnu17;
				GCC_DYNAMIC_NO_PIC = NO;
				GCC_NO_COMMON_BLOCKS = YES;
				GCC_OPTIMIZATION_LEVEL = 0;
				GCC_PREPROCESSOR_DEFINITIONS = (
					"DEBUG=1",
					"$(inherited)",
				);
				GCC_WARN_64_TO_32_BIT_CONVERSION = YES;
				GCC_WARN_ABOUT_RETURN_TYPE = YES_ERROR;
				GCC_WARN_UNDECLARED_SELECTOR = YES;
				GCC_WARN_UNINITIALIZED_AUTOS = YES_AGGRESSIVE;
				GCC_WARN_UNUSED_FUNCTION = YES;
				GCC_WARN_UNUSED_VARIABLE = YES;
				IPHONEOS_DEPLOYMENT_TARGET = 17.4;
				LOCALIZATION_PREFERS_STRING_CATALOGS = YES;
				MTL_ENABLE_DEBUG_INFO = INCLUDE_SOURCE;
				MTL_FAST_MATH = YES;
				ONLY_ACTIVE_ARCH = YES;
				SDKROOT = iphoneos;
				SWIFT_ACTIVE_COMPILATION_CONDITIONS = "DEBUG $(inherited)";
				SWIFT_OPTIMIZATION_LEVEL = "-Onone";
			};
			name = Debug;
		};
		28BB38BA2BFB94C40004B265 /* Release */ = {
			isa = XCBuildConfiguration;
			buildSettings = {
				ALWAYS_SEARCH_USER_PATHS = NO;
				ASSETCATALOG_COMPILER_GENERATE_SWIFT_ASSET_SYMBOL_EXTENSIONS = YES;
				CLANG_ANALYZER_NONNULL = YES;
				CLANG_ANALYZER_NUMBER_OBJECT_CONVERSION = YES_AGGRESSIVE;
				CLANG_CXX_LANGUAGE_STANDARD = "gnu++20";
				CLANG_ENABLE_MODULES = YES;
				CLANG_ENABLE_OBJC_ARC = YES;
				CLANG_ENABLE_OBJC_WEAK = YES;
				CLANG_WARN_BLOCK_CAPTURE_AUTORELEASING = YES;
				CLANG_WARN_BOOL_CONVERSION = YES;
				CLANG_WARN_COMMA = YES;
				CLANG_WARN_CONSTANT_CONVERSION = YES;
				CLANG_WARN_DEPRECATED_OBJC_IMPLEMENTATIONS = YES;
				CLANG_WARN_DIRECT_OBJC_ISA_USAGE = YES_ERROR;
				CLANG_WARN_DOCUMENTATION_COMMENTS = YES;
				CLANG_WARN_EMPTY_BODY = YES;
				CLANG_WARN_ENUM_CONVERSION = YES;
				CLANG_WARN_INFINITE_RECURSION = YES;
				CLANG_WARN_INT_CONVERSION = YES;
				CLANG_WARN_NON_LITERAL_NULL_CONVERSION = YES;
				CLANG_WARN_OBJC_IMPLICIT_RETAIN_SELF = YES;
				CLANG_WARN_OBJC_LITERAL_CONVERSION = YES;
				CLANG_WARN_OBJC_ROOT_CLASS = YES_ERROR;
				CLANG_WARN_QUOTED_INCLUDE_IN_FRAMEWORK_HEADER = YES;
				CLANG_WARN_RANGE_LOOP_ANALYSIS = YES;
				CLANG_WARN_STRICT_PROTOTYPES = YES;
				CLANG_WARN_SUSPICIOUS_MOVE = YES;
				CLANG_WARN_UNGUARDED_AVAILABILITY = YES_AGGRESSIVE;
				CLANG_WARN_UNREACHABLE_CODE = YES;
				CLANG_WARN__DUPLICATE_METHOD_MATCH = YES;
				COPY_PHASE_STRIP = NO;
				DEBUG_INFORMATION_FORMAT = "dwarf-with-dsym";
				ENABLE_NS_ASSERTIONS = NO;
				ENABLE_STRICT_OBJC_MSGSEND = YES;
				ENABLE_USER_SCRIPT_SANDBOXING = YES;
				GCC_C_LANGUAGE_STANDARD = gnu17;
				GCC_NO_COMMON_BLOCKS = YES;
				GCC_WARN_64_TO_32_BIT_CONVERSION = YES;
				GCC_WARN_ABOUT_RETURN_TYPE = YES_ERROR;
				GCC_WARN_UNDECLARED_SELECTOR = YES;
				GCC_WARN_UNINITIALIZED_AUTOS = YES_AGGRESSIVE;
				GCC_WARN_UNUSED_FUNCTION = YES;
				GCC_WARN_UNUSED_VARIABLE = YES;
				IPHONEOS_DEPLOYMENT_TARGET = 17.4;
				LOCALIZATION_PREFERS_STRING_CATALOGS = YES;
				MTL_ENABLE_DEBUG_INFO = NO;
				MTL_FAST_MATH = YES;
				SDKROOT = iphoneos;
				SWIFT_COMPILATION_MODE = wholemodule;
				VALIDATE_PRODUCT = YES;
			};
			name = Release;
		};
		28BB38BC2BFB94C40004B265 /* Debug */ = {
			isa = XCBuildConfiguration;
			buildSettings = {
				ASSETCATALOG_COMPILER_APPICON_NAME = AppIcon;
				ASSETCATALOG_COMPILER_GLOBAL_ACCENT_COLOR_NAME = AccentColor;
				CODE_SIGN_STYLE = Automatic;
				CURRENT_PROJECT_VERSION = 1;
				DEVELOPMENT_ASSET_PATHS = "\"water mark app/Preview Content\"";
				DEVELOPMENT_TEAM = FK4VB24PPQ;
				ENABLE_PREVIEWS = YES;
				GENERATE_INFOPLIST_FILE = YES;
				INFOPLIST_KEY_NSAppleMusicUsageDescription = "";
				INFOPLIST_KEY_NSPhotoLibraryUsageDescription = "his app needs access to save watermarked photos to your photo library.";
				INFOPLIST_KEY_UIApplicationSceneManifest_Generation = YES;
				INFOPLIST_KEY_UIApplicationSupportsIndirectInputEvents = YES;
				INFOPLIST_KEY_UILaunchScreen_Generation = YES;
				INFOPLIST_KEY_UISupportedInterfaceOrientations_iPad = "UIInterfaceOrientationPortrait UIInterfaceOrientationPortraitUpsideDown UIInterfaceOrientationLandscapeLeft UIInterfaceOrientationLandscapeRight";
				INFOPLIST_KEY_UISupportedInterfaceOrientations_iPhone = "UIInterfaceOrientationPortrait UIInterfaceOrientationLandscapeLeft UIInterfaceOrientationLandscapeRight";
				LD_RUNPATH_SEARCH_PATHS = (
					"$(inherited)",
					"@executable_path/Frameworks",
				);
				MARKETING_VERSION = 1.0;
				PRODUCT_BUNDLE_IDENTIFIER = "This-app-needs-access-to-save-watermarked-photos-to-your-photo-library.";
				PRODUCT_NAME = "$(TARGET_NAME)";
				SUPPORTED_PLATFORMS = "iphoneos iphonesimulator";
				SUPPORTS_MACCATALYST = NO;
				SUPPORTS_XR_DESIGNED_FOR_IPHONE_IPAD = NO;
				SWIFT_EMIT_LOC_STRINGS = YES;
				SWIFT_VERSION = 5.0;
				TARGETED_DEVICE_FAMILY = "1,2";
			};
			name = Debug;
		};
		28BB38BD2BFB94C40004B265 /* Release */ = {
			isa = XCBuildConfiguration;
			buildSettings = {
				ASSETCATALOG_COMPILER_APPICON_NAME = AppIcon;
				ASSETCATALOG_COMPILER_GLOBAL_ACCENT_COLOR_NAME = AccentColor;
				CODE_SIGN_STYLE = Automatic;
				CURRENT_PROJECT_VERSION = 1;
				DEVELOPMENT_ASSET_PATHS = "\"water mark app/Preview Content\"";
				DEVELOPMENT_TEAM = 386WU4MUDG;
				ENABLE_PREVIEWS = YES;
				GENERATE_INFOPLIST_FILE = YES;
				INFOPLIST_KEY_NSAppleMusicUsageDescription = "";
				INFOPLIST_KEY_NSPhotoLibraryUsageDescription = "his app needs access to save watermarked photos to your photo library.";
				INFOPLIST_KEY_UIApplicationSceneManifest_Generation = YES;
				INFOPLIST_KEY_UIApplicationSupportsIndirectInputEvents = YES;
				INFOPLIST_KEY_UILaunchScreen_Generation = YES;
				INFOPLIST_KEY_UISupportedInterfaceOrientations_iPad = "UIInterfaceOrientationPortrait UIInterfaceOrientationPortraitUpsideDown UIInterfaceOrientationLandscapeLeft UIInterfaceOrientationLandscapeRight";
				INFOPLIST_KEY_UISupportedInterfaceOrientations_iPhone = "UIInterfaceOrientationPortrait UIInterfaceOrientationLandscapeLeft UIInterfaceOrientationLandscapeRight";
				LD_RUNPATH_SEARCH_PATHS = (
					"$(inherited)",
					"@executable_path/Frameworks",
				);
				MARKETING_VERSION = 1.0;
				PRODUCT_BUNDLE_IDENTIFIER = "Bogd1104.water-mark-app";
				PRODUCT_NAME = "$(TARGET_NAME)";
				SUPPORTED_PLATFORMS = "iphoneos iphonesimulator";
				SUPPORTS_MACCATALYST = NO;
				SUPPORTS_XR_DESIGNED_FOR_IPHONE_IPAD = NO;
				SWIFT_EMIT_LOC_STRINGS = YES;
				SWIFT_VERSION = 5.0;
				TARGETED_DEVICE_FAMILY = "1,2";
			};
			name = Release;
		};
		A866C7162C0E72EB00946473 /* Debug */ = {
			isa = XCBuildConfiguration;
			buildSettings = {
				BUNDLE_LOADER = "$(TEST_HOST)";
				CLANG_ENABLE_MODULES = YES;
				CODE_SIGN_STYLE = Automatic;
				CURRENT_PROJECT_VERSION = 1;
				DEVELOPMENT_TEAM = FK4VB24PPQ;
				GENERATE_INFOPLIST_FILE = YES;
				IPHONEOS_DEPLOYMENT_TARGET = 17.5;
				MARKETING_VERSION = 1.0;
				PRODUCT_BUNDLE_IDENTIFIER = "ghghg.water-mark-appTests";
				PRODUCT_NAME = "$(TARGET_NAME)";
				SWIFT_EMIT_LOC_STRINGS = NO;
				SWIFT_OBJC_BRIDGING_HEADER = "water mark appTests/water mark appTests-Bridging-Header.h";
				SWIFT_OPTIMIZATION_LEVEL = "-Onone";
				SWIFT_VERSION = 5.0;
				TARGETED_DEVICE_FAMILY = "1,2";
				TEST_HOST = "$(BUILT_PRODUCTS_DIR)/water mark app.app/$(BUNDLE_EXECUTABLE_FOLDER_PATH)/water mark app";
			};
			name = Debug;
		};
		A866C7172C0E72EB00946473 /* Release */ = {
			isa = XCBuildConfiguration;
			buildSettings = {
				BUNDLE_LOADER = "$(TEST_HOST)";
				CLANG_ENABLE_MODULES = YES;
				CODE_SIGN_STYLE = Automatic;
				CURRENT_PROJECT_VERSION = 1;
				GENERATE_INFOPLIST_FILE = YES;
				IPHONEOS_DEPLOYMENT_TARGET = 17.5;
				MARKETING_VERSION = 1.0;
				PRODUCT_BUNDLE_IDENTIFIER = "ghghg.water-mark-appTests";
				PRODUCT_NAME = "$(TARGET_NAME)";
				SWIFT_EMIT_LOC_STRINGS = NO;
				SWIFT_OBJC_BRIDGING_HEADER = "water mark appTests/water mark appTests-Bridging-Header.h";
				SWIFT_VERSION = 5.0;
				TARGETED_DEVICE_FAMILY = "1,2";
				TEST_HOST = "$(BUILT_PRODUCTS_DIR)/water mark app.app/$(BUNDLE_EXECUTABLE_FOLDER_PATH)/water mark app";
			};
			name = Release;
		};
		A8EC22842C0E853F009AF32B /* Debug */ = {
			isa = XCBuildConfiguration;
			buildSettings = {
				CLANG_ENABLE_MODULES = YES;
				CODE_SIGN_STYLE = Automatic;
				CURRENT_PROJECT_VERSION = 1;
				DEVELOPMENT_TEAM = FK4VB24PPQ;
				GENERATE_INFOPLIST_FILE = YES;
				IPHONEOS_DEPLOYMENT_TARGET = 17.5;
				MARKETING_VERSION = 1.0;
				PRODUCT_BUNDLE_IDENTIFIER = ghghg.UITestings;
				PRODUCT_NAME = "$(TARGET_NAME)";
				SUPPORTED_PLATFORMS = "iphoneos iphonesimulator";
				SUPPORTS_MACCATALYST = NO;
				SUPPORTS_MAC_DESIGNED_FOR_IPHONE_IPAD = NO;
				SUPPORTS_XR_DESIGNED_FOR_IPHONE_IPAD = NO;
				SWIFT_EMIT_LOC_STRINGS = NO;
				SWIFT_OBJC_BRIDGING_HEADER = "UITestings/UITestings-Bridging-Header.h";
				SWIFT_OPTIMIZATION_LEVEL = "-Onone";
				SWIFT_VERSION = 5.0;
				TARGETED_DEVICE_FAMILY = 1;
				TEST_TARGET_NAME = "water mark app";
			};
			name = Debug;
		};
		A8EC22852C0E853F009AF32B /* Release */ = {
			isa = XCBuildConfiguration;
			buildSettings = {
				CLANG_ENABLE_MODULES = YES;
				CODE_SIGN_STYLE = Automatic;
				CURRENT_PROJECT_VERSION = 1;
				GENERATE_INFOPLIST_FILE = YES;
				IPHONEOS_DEPLOYMENT_TARGET = 17.5;
				MARKETING_VERSION = 1.0;
				PRODUCT_BUNDLE_IDENTIFIER = ghghg.UITestings;
				PRODUCT_NAME = "$(TARGET_NAME)";
				SUPPORTED_PLATFORMS = "iphoneos iphonesimulator";
				SUPPORTS_MACCATALYST = NO;
				SUPPORTS_MAC_DESIGNED_FOR_IPHONE_IPAD = NO;
				SUPPORTS_XR_DESIGNED_FOR_IPHONE_IPAD = NO;
				SWIFT_EMIT_LOC_STRINGS = NO;
				SWIFT_OBJC_BRIDGING_HEADER = "UITestings/UITestings-Bridging-Header.h";
				SWIFT_VERSION = 5.0;
				TARGETED_DEVICE_FAMILY = 1;
				TEST_TARGET_NAME = "water mark app";
			};
			name = Release;
		};
/* End XCBuildConfiguration section */

/* Begin XCConfigurationList section */
		28BB38A82BFB94C00004B265 /* Build configuration list for PBXProject "water mark app" */ = {
			isa = XCConfigurationList;
			buildConfigurations = (
				28BB38B92BFB94C40004B265 /* Debug */,
				28BB38BA2BFB94C40004B265 /* Release */,
			);
			defaultConfigurationIsVisible = 0;
			defaultConfigurationName = Release;
		};
		28BB38BB2BFB94C40004B265 /* Build configuration list for PBXNativeTarget "water mark app" */ = {
			isa = XCConfigurationList;
			buildConfigurations = (
				28BB38BC2BFB94C40004B265 /* Debug */,
				28BB38BD2BFB94C40004B265 /* Release */,
			);
			defaultConfigurationIsVisible = 0;
			defaultConfigurationName = Release;
		};
		A866C7152C0E72EB00946473 /* Build configuration list for PBXNativeTarget "water mark appTests" */ = {
			isa = XCConfigurationList;
			buildConfigurations = (
				A866C7162C0E72EB00946473 /* Debug */,
				A866C7172C0E72EB00946473 /* Release */,
			);
			defaultConfigurationIsVisible = 0;
			defaultConfigurationName = Release;
		};
		A8EC22862C0E853F009AF32B /* Build configuration list for PBXNativeTarget "UITestings" */ = {
			isa = XCConfigurationList;
			buildConfigurations = (
				A8EC22842C0E853F009AF32B /* Debug */,
				A8EC22852C0E853F009AF32B /* Release */,
			);
			defaultConfigurationIsVisible = 0;
			defaultConfigurationName = Release;
		};
/* End XCConfigurationList section */
	};
	rootObject = 28BB38A52BFB94C00004B265 /* Project object */;
}
